
Microsoft Visual Studio Solution File, Format Version 12.00
# Visual Studio Version 17
VisualStudioVersion = 17.0.32002.185
MinimumVisualStudioVersion = 10.0.40219.1
Project("{FAE04EC0-301F-11D3-BF4B-00C04F79EFBC}") = "TrackingAPI", "TrackingAPI.csproj", "{C66B6F40-E139-4139-B39A-826E29255774}"
EndProject
Project("{FAE04EC0-301F-11D3-BF4B-00C04F79EFBC}") = "tracking.client", "..\tracking.client\tracking.client.csproj", "{7A84373A-B7E8-412B-83DD-3A165DCADC2A}"
EndProject
Global
	GlobalSection(SolutionConfigurationPlatforms) = preSolution
		Debug|Any CPU = Debug|Any CPU
		Release|Any CPU = Release|Any CPU
	EndGlobalSection
	GlobalSection(ProjectConfigurationPlatforms) = postSolution
		{C66B6F40-E139-4139-B39A-826E29255774}.Debug|Any CPU.ActiveCfg = Debug|Any CPU
		{C66B6F40-E139-4139-B39A-826E29255774}.Debug|Any CPU.Build.0 = Debug|Any CPU
		{C66B6F40-E139-4139-B39A-826E29255774}.Release|Any CPU.ActiveCfg = Release|Any CPU
		{C66B6F40-E139-4139-B39A-826E29255774}.Release|Any CPU.Build.0 = Release|Any CPU
		{7A84373A-B7E8-412B-83DD-3A165DCADC2A}.Debug|Any CPU.ActiveCfg = Debug|Any CPU
		{7A84373A-B7E8-412B-83DD-3A165DCADC2A}.Debug|Any CPU.Build.0 = Debug|Any CPU
		{7A84373A-B7E8-412B-83DD-3A165DCADC2A}.Release|Any CPU.ActiveCfg = Release|Any CPU
		{7A84373A-B7E8-412B-83DD-3A165DCADC2A}.Release|Any CPU.Build.0 = Release|Any CPU
	EndGlobalSection
	GlobalSection(SolutionProperties) = preSolution
		HideSolutionNode = FALSE
	EndGlobalSection
	GlobalSection(ExtensibilityGlobals) = postSolution
		SolutionGuid = {3D6D036B-5B9A-4C90-BADC-8BE29DE089DE}
	EndGlobalSection
EndGlobal
